// !$*UTF8*$!
{
	archiveVersion = 1;
	classes = {
	};
	objectVersion = 50;
	objects = {

/* Begin PBXBuildFile section */
		5BBE476BFB8A26E0003FA7E3 /* Pods_AudioKit_Skeleton.framework in Frameworks */ = {isa = PBXBuildFile; fileRef = 952B798D3DB19EFFCF7727DB /* Pods_AudioKit_Skeleton.framework */; };
		8D038DA620E9823E00741E70 /* AKSModel.swift in Sources */ = {isa = PBXBuildFile; fileRef = 8D038DA520E9823E00741E70 /* AKSModel.swift */; };
		8D038DA820E9841000741E70 /* samplesData.json in Resources */ = {isa = PBXBuildFile; fileRef = 8D038DA720E9841000741E70 /* samplesData.json */; };
		8DB1519E20E97BD40004202D /* AppDelegate.swift in Sources */ = {isa = PBXBuildFile; fileRef = 8DB1519D20E97BD40004202D /* AppDelegate.swift */; };
		8DB151A020E97BD40004202D /* ViewController.swift in Sources */ = {isa = PBXBuildFile; fileRef = 8DB1519F20E97BD40004202D /* ViewController.swift */; };
		8DB151A320E97BD40004202D /* Main.storyboard in Resources */ = {isa = PBXBuildFile; fileRef = 8DB151A120E97BD40004202D /* Main.storyboard */; };
		8DB151A520E97BD60004202D /* Assets.xcassets in Resources */ = {isa = PBXBuildFile; fileRef = 8DB151A420E97BD60004202D /* Assets.xcassets */; };
		8DB151A820E97BD60004202D /* LaunchScreen.storyboard in Resources */ = {isa = PBXBuildFile; fileRef = 8DB151A620E97BD60004202D /* LaunchScreen.storyboard */; };
		8DB151B020E9813F0004202D /* Samples in Resources */ = {isa = PBXBuildFile; fileRef = 8DB151AF20E9813F0004202D /* Samples */; };
/* End PBXBuildFile section */

/* Begin PBXFileReference section */
		18A16B7D4A1A6D33EB426B73 /* Pods-AudioKit-Skeleton.debug.xcconfig */ = {isa = PBXFileReference; includeInIndex = 1; lastKnownFileType = text.xcconfig; name = "Pods-AudioKit-Skeleton.debug.xcconfig"; path = "Pods/Target Support Files/Pods-AudioKit-Skeleton/Pods-AudioKit-Skeleton.debug.xcconfig"; sourceTree = "<group>"; };
		5FABD39ADE944B7BDC173146 /* Pods-AudioKit-Skeleton.release.xcconfig */ = {isa = PBXFileReference; includeInIndex = 1; lastKnownFileType = text.xcconfig; name = "Pods-AudioKit-Skeleton.release.xcconfig"; path = "Pods/Target Support Files/Pods-AudioKit-Skeleton/Pods-AudioKit-Skeleton.release.xcconfig"; sourceTree = "<group>"; };
		8D038DA520E9823E00741E70 /* AKSModel.swift */ = {isa = PBXFileReference; lastKnownFileType = sourcecode.swift; path = AKSModel.swift; sourceTree = "<group>"; };
		8D038DA720E9841000741E70 /* samplesData.json */ = {isa = PBXFileReference; fileEncoding = 4; lastKnownFileType = text.json; path = samplesData.json; sourceTree = "<group>"; };
		8DB1519A20E97BD40004202D /* AudioKit-Skeleton.app */ = {isa = PBXFileReference; explicitFileType = wrapper.application; includeInIndex = 0; path = "AudioKit-Skeleton.app"; sourceTree = BUILT_PRODUCTS_DIR; };
		8DB1519D20E97BD40004202D /* AppDelegate.swift */ = {isa = PBXFileReference; lastKnownFileType = sourcecode.swift; path = AppDelegate.swift; sourceTree = "<group>"; };
		8DB1519F20E97BD40004202D /* ViewController.swift */ = {isa = PBXFileReference; lastKnownFileType = sourcecode.swift; path = ViewController.swift; sourceTree = "<group>"; };
		8DB151A220E97BD40004202D /* Base */ = {isa = PBXFileReference; lastKnownFileType = file.storyboard; name = Base; path = Base.lproj/Main.storyboard; sourceTree = "<group>"; };
		8DB151A420E97BD60004202D /* Assets.xcassets */ = {isa = PBXFileReference; lastKnownFileType = folder.assetcatalog; path = Assets.xcassets; sourceTree = "<group>"; };
		8DB151A720E97BD60004202D /* Base */ = {isa = PBXFileReference; lastKnownFileType = file.storyboard; name = Base; path = Base.lproj/LaunchScreen.storyboard; sourceTree = "<group>"; };
		8DB151A920E97BD60004202D /* Info.plist */ = {isa = PBXFileReference; lastKnownFileType = text.plist.xml; path = Info.plist; sourceTree = "<group>"; };
		8DB151AF20E9813F0004202D /* Samples */ = {isa = PBXFileReference; lastKnownFileType = folder; path = Samples; sourceTree = "<group>"; };
		952B798D3DB19EFFCF7727DB /* Pods_AudioKit_Skeleton.framework */ = {isa = PBXFileReference; explicitFileType = wrapper.framework; includeInIndex = 0; path = Pods_AudioKit_Skeleton.framework; sourceTree = BUILT_PRODUCTS_DIR; };
/* End PBXFileReference section */

/* Begin PBXFrameworksBuildPhase section */
		8DB1519720E97BD40004202D /* Frameworks */ = {
			isa = PBXFrameworksBuildPhase;
			buildActionMask = 2147483647;
			files = (
				5BBE476BFB8A26E0003FA7E3 /* Pods_AudioKit_Skeleton.framework in Frameworks */,
			);
			runOnlyForDeploymentPostprocessing = 0;
		};
/* End PBXFrameworksBuildPhase section */

/* Begin PBXGroup section */
		51EA5B6BA15CE770DE76C9F8 /* Pods */ = {
			isa = PBXGroup;
			children = (
				18A16B7D4A1A6D33EB426B73 /* Pods-AudioKit-Skeleton.debug.xcconfig */,
				5FABD39ADE944B7BDC173146 /* Pods-AudioKit-Skeleton.release.xcconfig */,
			);
			name = Pods;
			sourceTree = "<group>";
		};
		587E4CF29B777D4FB1ECA9B3 /* Frameworks */ = {
			isa = PBXGroup;
			children = (
				952B798D3DB19EFFCF7727DB /* Pods_AudioKit_Skeleton.framework */,
			);
			name = Frameworks;
			sourceTree = "<group>";
		};
		8DB1519120E97BD40004202D = {
			isa = PBXGroup;
			children = (
				8DB1519C20E97BD40004202D /* AudioKit-Skeleton */,
				8DB1519B20E97BD40004202D /* Products */,
				51EA5B6BA15CE770DE76C9F8 /* Pods */,
				587E4CF29B777D4FB1ECA9B3 /* Frameworks */,
			);
			sourceTree = "<group>";
		};
		8DB1519B20E97BD40004202D /* Products */ = {
			isa = PBXGroup;
			children = (
				8DB1519A20E97BD40004202D /* AudioKit-Skeleton.app */,
			);
			name = Products;
			sourceTree = "<group>";
		};
		8DB1519C20E97BD40004202D /* AudioKit-Skeleton */ = {
			isa = PBXGroup;
			children = (
				8DB1519D20E97BD40004202D /* AppDelegate.swift */,
				8DB1519F20E97BD40004202D /* ViewController.swift */,
				8D038DA520E9823E00741E70 /* AKSModel.swift */,
				8DB151B120E981C00004202D /* Resources */,
				8D038DA720E9841000741E70 /* samplesData.json */,
				8DB151AF20E9813F0004202D /* Samples */,
			);
			path = "AudioKit-Skeleton";
			sourceTree = "<group>";
		};
		8DB151B120E981C00004202D /* Resources */ = {
			isa = PBXGroup;
			children = (
				8DB151A120E97BD40004202D /* Main.storyboard */,
				8DB151A420E97BD60004202D /* Assets.xcassets */,
				8DB151A620E97BD60004202D /* LaunchScreen.storyboard */,
				8DB151A920E97BD60004202D /* Info.plist */,
			);
			name = Resources;
			sourceTree = "<group>";
		};
/* End PBXGroup section */

/* Begin PBXNativeTarget section */
		8DB1519920E97BD40004202D /* AudioKit-Skeleton */ = {
			isa = PBXNativeTarget;
			buildConfigurationList = 8DB151AC20E97BD60004202D /* Build configuration list for PBXNativeTarget "AudioKit-Skeleton" */;
			buildPhases = (
				8F045DD6749168760B2FFB88 /* [CP] Check Pods Manifest.lock */,
				8DB1519620E97BD40004202D /* Sources */,
				8DB1519720E97BD40004202D /* Frameworks */,
				8DB1519820E97BD40004202D /* Resources */,
				55A447C51398A05A4F19C34D /* [CP] Embed Pods Frameworks */,
				ECC929571609056076ABED4C /* [CP] Copy Pods Resources */,
			);
			buildRules = (
			);
			dependencies = (
			);
			name = "AudioKit-Skeleton";
			productName = "AudioKit-Skeleton";
			productReference = 8DB1519A20E97BD40004202D /* AudioKit-Skeleton.app */;
			productType = "com.apple.product-type.application";
		};
/* End PBXNativeTarget section */

/* Begin PBXProject section */
		8DB1519220E97BD40004202D /* Project object */ = {
			isa = PBXProject;
			attributes = {
				LastSwiftUpdateCheck = 0940;
				LastUpgradeCheck = 0940;
				ORGANIZATIONNAME = "Audio Kit Skeleton";
				TargetAttributes = {
					8DB1519920E97BD40004202D = {
						CreatedOnToolsVersion = 9.4.1;
					};
				};
			};
			buildConfigurationList = 8DB1519520E97BD40004202D /* Build configuration list for PBXProject "AudioKit-Skeleton" */;
			compatibilityVersion = "Xcode 9.3";
			developmentRegion = en;
			hasScannedForEncodings = 0;
			knownRegions = (
				en,
				Base,
			);
			mainGroup = 8DB1519120E97BD40004202D;
			productRefGroup = 8DB1519B20E97BD40004202D /* Products */;
			projectDirPath = "";
			projectRoot = "";
			targets = (
				8DB1519920E97BD40004202D /* AudioKit-Skeleton */,
			);
		};
/* End PBXProject section */

/* Begin PBXResourcesBuildPhase section */
		8DB1519820E97BD40004202D /* Resources */ = {
			isa = PBXResourcesBuildPhase;
			buildActionMask = 2147483647;
			files = (
				8DB151B020E9813F0004202D /* Samples in Resources */,
				8D038DA820E9841000741E70 /* samplesData.json in Resources */,
				8DB151A820E97BD60004202D /* LaunchScreen.storyboard in Resources */,
				8DB151A520E97BD60004202D /* Assets.xcassets in Resources */,
				8DB151A320E97BD40004202D /* Main.storyboard in Resources */,
			);
			runOnlyForDeploymentPostprocessing = 0;
		};
/* End PBXResourcesBuildPhase section */

/* Begin PBXShellScriptBuildPhase section */
		55A447C51398A05A4F19C34D /* [CP] Embed Pods Frameworks */ = {
			isa = PBXShellScriptBuildPhase;
			buildActionMask = 2147483647;
			files = (
			);
			inputPaths = (
				"${SRCROOT}/Pods/Target Support Files/Pods-AudioKit-Skeleton/Pods-AudioKit-Skeleton-frameworks.sh",
				"${BUILT_PRODUCTS_DIR}/SwiftyJSON/SwiftyJSON.framework",
				"${BUILT_PRODUCTS_DIR}/Timepiece/Timepiece.framework",
			);
			name = "[CP] Embed Pods Frameworks";
			outputPaths = (
				"${TARGET_BUILD_DIR}/${FRAMEWORKS_FOLDER_PATH}/SwiftyJSON.framework",
				"${TARGET_BUILD_DIR}/${FRAMEWORKS_FOLDER_PATH}/Timepiece.framework",
			);
			runOnlyForDeploymentPostprocessing = 0;
			shellPath = /bin/sh;
			shellScript = "\"${SRCROOT}/Pods/Target Support Files/Pods-AudioKit-Skeleton/Pods-AudioKit-Skeleton-frameworks.sh\"\n";
			showEnvVarsInLog = 0;
		};
		8F045DD6749168760B2FFB88 /* [CP] Check Pods Manifest.lock */ = {
			isa = PBXShellScriptBuildPhase;
			buildActionMask = 2147483647;
			files = (
			);
			inputPaths = (
				"${PODS_PODFILE_DIR_PATH}/Podfile.lock",
				"${PODS_ROOT}/Manifest.lock",
			);
			name = "[CP] Check Pods Manifest.lock";
			outputPaths = (
				"$(DERIVED_FILE_DIR)/Pods-AudioKit-Skeleton-checkManifestLockResult.txt",
			);
			runOnlyForDeploymentPostprocessing = 0;
			shellPath = /bin/sh;
			shellScript = "diff \"${PODS_PODFILE_DIR_PATH}/Podfile.lock\" \"${PODS_ROOT}/Manifest.lock\" > /dev/null\nif [ $? != 0 ] ; then\n    # print error to STDERR\n    echo \"error: The sandbox is not in sync with the Podfile.lock. Run 'pod install' or update your CocoaPods installation.\" >&2\n    exit 1\nfi\n# This output is used by Xcode 'outputs' to avoid re-running this script phase.\necho \"SUCCESS\" > \"${SCRIPT_OUTPUT_FILE_0}\"\n";
			showEnvVarsInLog = 0;
		};
		ECC929571609056076ABED4C /* [CP] Copy Pods Resources */ = {
			isa = PBXShellScriptBuildPhase;
			buildActionMask = 2147483647;
			files = (
			);
			inputPaths = (
			);
			name = "[CP] Copy Pods Resources";
			outputPaths = (
			);
			runOnlyForDeploymentPostprocessing = 0;
			shellPath = /bin/sh;
			shellScript = "\"${SRCROOT}/Pods/Target Support Files/Pods-AudioKit-Skeleton/Pods-AudioKit-Skeleton-resources.sh\"\n";
			showEnvVarsInLog = 0;
		};
/* End PBXShellScriptBuildPhase section */

/* Begin PBXSourcesBuildPhase section */
		8DB1519620E97BD40004202D /* Sources */ = {
			isa = PBXSourcesBuildPhase;
			buildActionMask = 2147483647;
			files = (
				8DB151A020E97BD40004202D /* ViewController.swift in Sources */,
				8D038DA620E9823E00741E70 /* AKSModel.swift in Sources */,
				8DB1519E20E97BD40004202D /* AppDelegate.swift in Sources */,
			);
			runOnlyForDeploymentPostprocessing = 0;
		};
/* End PBXSourcesBuildPhase section */

/* Begin PBXVariantGroup section */
		8DB151A120E97BD40004202D /* Main.storyboard */ = {
			isa = PBXVariantGroup;
			children = (
				8DB151A220E97BD40004202D /* Base */,
			);
			name = Main.storyboard;
			sourceTree = "<group>";
		};
		8DB151A620E97BD60004202D /* LaunchScreen.storyboard */ = {
			isa = PBXVariantGroup;
			children = (
				8DB151A720E97BD60004202D /* Base */,
			);
			name = LaunchScreen.storyboard;
			sourceTree = "<group>";
		};
/* End PBXVariantGroup section */

/* Begin XCBuildConfiguration section */
		8DB151AA20E97BD60004202D /* Debug */ = {
			isa = XCBuildConfiguration;
			buildSettings = {
				ALWAYS_SEARCH_USER_PATHS = NO;
				CLANG_ANALYZER_NONNULL = YES;
				CLANG_ANALYZER_NUMBER_OBJECT_CONVERSION = YES_AGGRESSIVE;
				CLANG_CXX_LANGUAGE_STANDARD = "gnu++14";
				CLANG_CXX_LIBRARY = "libc++";
				CLANG_ENABLE_MODULES = YES;
				CLANG_ENABLE_OBJC_ARC = YES;
				CLANG_ENABLE_OBJC_WEAK = YES;
				CLANG_WARN_BLOCK_CAPTURE_AUTORELEASING = YES;
				CLANG_WARN_BOOL_CONVERSION = YES;
				CLANG_WARN_COMMA = YES;
				CLANG_WARN_CONSTANT_CONVERSION = YES;
				CLANG_WARN_DEPRECATED_OBJC_IMPLEMENTATIONS = YES;
				CLANG_WARN_DIRECT_OBJC_ISA_USAGE = YES_ERROR;
				CLANG_WARN_DOCUMENTATION_COMMENTS = YES;
				CLANG_WARN_EMPTY_BODY = YES;
				CLANG_WARN_ENUM_CONVERSION = YES;
				CLANG_WARN_INFINITE_RECURSION = YES;
				CLANG_WARN_INT_CONVERSION = YES;
				CLANG_WARN_NON_LITERAL_NULL_CONVERSION = YES;
				CLANG_WARN_OBJC_IMPLICIT_RETAIN_SELF = YES;
				CLANG_WARN_OBJC_LITERAL_CONVERSION = YES;
				CLANG_WARN_OBJC_ROOT_CLASS = YES_ERROR;
				CLANG_WARN_RANGE_LOOP_ANALYSIS = YES;
				CLANG_WARN_STRICT_PROTOTYPES = YES;
				CLANG_WARN_SUSPICIOUS_MOVE = YES;
				CLANG_WARN_UNGUARDED_AVAILABILITY = YES_AGGRESSIVE;
				CLANG_WARN_UNREACHABLE_CODE = YES;
				CLANG_WARN__DUPLICATE_METHOD_MATCH = YES;
				CODE_SIGN_IDENTITY = "iPhone Developer";
				COPY_PHASE_STRIP = NO;
				DEBUG_INFORMATION_FORMAT = dwarf;
				ENABLE_STRICT_OBJC_MSGSEND = YES;
				ENABLE_TESTABILITY = YES;
				GCC_C_LANGUAGE_STANDARD = gnu11;
				GCC_DYNAMIC_NO_PIC = NO;
				GCC_NO_COMMON_BLOCKS = YES;
				GCC_OPTIMIZATION_LEVEL = 0;
				GCC_PREPROCESSOR_DEFINITIONS = (
					"DEBUG=1",
					"$(inherited)",
				);
				GCC_WARN_64_TO_32_BIT_CONVERSION = YES;
				GCC_WARN_ABOUT_RETURN_TYPE = YES_ERROR;
				GCC_WARN_UNDECLARED_SELECTOR = YES;
				GCC_WARN_UNINITIALIZED_AUTOS = YES_AGGRESSIVE;
				GCC_WARN_UNUSED_FUNCTION = YES;
				GCC_WARN_UNUSED_VARIABLE = YES;
				IPHONEOS_DEPLOYMENT_TARGET = 11.4;
				MTL_ENABLE_DEBUG_INFO = YES;
				ONLY_ACTIVE_ARCH = YES;
				SDKROOT = iphoneos;
				SWIFT_ACTIVE_COMPILATION_CONDITIONS = DEBUG;
				SWIFT_OPTIMIZATION_LEVEL = "-Onone";
			};
			name = Debug;
		};
		8DB151AB20E97BD60004202D /* Release */ = {
			isa = XCBuildConfiguration;
			buildSettings = {
				ALWAYS_SEARCH_USER_PATHS = NO;
				CLANG_ANALYZER_NONNULL = YES;
				CLANG_ANALYZER_NUMBER_OBJECT_CONVERSION = YES_AGGRESSIVE;
				CLANG_CXX_LANGUAGE_STANDARD = "gnu++14";
				CLANG_CXX_LIBRARY = "libc++";
				CLANG_ENABLE_MODULES = YES;
				CLANG_ENABLE_OBJC_ARC = YES;
				CLANG_ENABLE_OBJC_WEAK = YES;
				CLANG_WARN_BLOCK_CAPTURE_AUTORELEASING = YES;
				CLANG_WARN_BOOL_CONVERSION = YES;
				CLANG_WARN_COMMA = YES;
				CLANG_WARN_CONSTANT_CONVERSION = YES;
				CLANG_WARN_DEPRECATED_OBJC_IMPLEMENTATIONS = YES;
				CLANG_WARN_DIRECT_OBJC_ISA_USAGE = YES_ERROR;
				CLANG_WARN_DOCUMENTATION_COMMENTS = YES;
				CLANG_WARN_EMPTY_BODY = YES;
				CLANG_WARN_ENUM_CONVERSION = YES;
				CLANG_WARN_INFINITE_RECURSION = YES;
				CLANG_WARN_INT_CONVERSION = YES;
				CLANG_WARN_NON_LITERAL_NULL_CONVERSION = YES;
				CLANG_WARN_OBJC_IMPLICIT_RETAIN_SELF = YES;
				CLANG_WARN_OBJC_LITERAL_CONVERSION = YES;
				CLANG_WARN_OBJC_ROOT_CLASS = YES_ERROR;
				CLANG_WARN_RANGE_LOOP_ANALYSIS = YES;
				CLANG_WARN_STRICT_PROTOTYPES = YES;
				CLANG_WARN_SUSPICIOUS_MOVE = YES;
				CLANG_WARN_UNGUARDED_AVAILABILITY = YES_AGGRESSIVE;
				CLANG_WARN_UNREACHABLE_CODE = YES;
				CLANG_WARN__DUPLICATE_METHOD_MATCH = YES;
				CODE_SIGN_IDENTITY = "iPhone Developer";
				COPY_PHASE_STRIP = NO;
				DEBUG_INFORMATION_FORMAT = "dwarf-with-dsym";
				ENABLE_NS_ASSERTIONS = NO;
				ENABLE_STRICT_OBJC_MSGSEND = YES;
				GCC_C_LANGUAGE_STANDARD = gnu11;
				GCC_NO_COMMON_BLOCKS = YES;
				GCC_WARN_64_TO_32_BIT_CONVERSION = YES;
				GCC_WARN_ABOUT_RETURN_TYPE = YES_ERROR;
				GCC_WARN_UNDECLARED_SELECTOR = YES;
				GCC_WARN_UNINITIALIZED_AUTOS = YES_AGGRESSIVE;
				GCC_WARN_UNUSED_FUNCTION = YES;
				GCC_WARN_UNUSED_VARIABLE = YES;
				IPHONEOS_DEPLOYMENT_TARGET = 11.4;
				MTL_ENABLE_DEBUG_INFO = NO;
				SDKROOT = iphoneos;
				SWIFT_COMPILATION_MODE = wholemodule;
				SWIFT_OPTIMIZATION_LEVEL = "-O";
				VALIDATE_PRODUCT = YES;
			};
			name = Release;
		};
		8DB151AD20E97BD60004202D /* Debug */ = {
			isa = XCBuildConfiguration;
			baseConfigurationReference = 18A16B7D4A1A6D33EB426B73 /* Pods-AudioKit-Skeleton.debug.xcconfig */;
			buildSettings = {
				ASSETCATALOG_COMPILER_APPICON_NAME = AppIcon;
				CODE_SIGN_STYLE = Automatic;
				DEVELOPMENT_TEAM = KHZ4HBDQT4;
				INFOPLIST_FILE = "AudioKit-Skeleton/Info.plist";
				LD_RUNPATH_SEARCH_PATHS = (
					"$(inherited)",
					"@executable_path/Frameworks",
				);
				PRODUCT_BUNDLE_IDENTIFIER = "com.opensourceproject.AudioKit-Skeleton";
				PRODUCT_NAME = "$(TARGET_NAME)";
				SWIFT_VERSION = 4.0;
				TARGETED_DEVICE_FAMILY = "1,2";
			};
			name = Debug;
		};
		8DB151AE20E97BD60004202D /* Release */ = {
			isa = XCBuildConfiguration;
			baseConfigurationReference = 5FABD39ADE944B7BDC173146 /* Pods-AudioKit-Skeleton.release.xcconfig */;
			buildSettings = {
				ASSETCATALOG_COMPILER_APPICON_NAME = AppIcon;
				CODE_SIGN_STYLE = Automatic;
				DEVELOPMENT_TEAM = KHZ4HBDQT4;
				INFOPLIST_FILE = "AudioKit-Skeleton/Info.plist";
				LD_RUNPATH_SEARCH_PATHS = (
					"$(inherited)",
					"@executable_path/Frameworks",
				);
				PRODUCT_BUNDLE_IDENTIFIER = "com.opensourceproject.AudioKit-Skeleton";
				PRODUCT_NAME = "$(TARGET_NAME)";
				SWIFT_VERSION = 4.0;
				TARGETED_DEVICE_FAMILY = "1,2";
			};
			name = Release;
		};
/* End XCBuildConfiguration section */

/* Begin XCConfigurationList section */
		8DB1519520E97BD40004202D /* Build configuration list for PBXProject "AudioKit-Skeleton" */ = {
			isa = XCConfigurationList;
			buildConfigurations = (
				8DB151AA20E97BD60004202D /* Debug */,
				8DB151AB20E97BD60004202D /* Release */,
			);
			defaultConfigurationIsVisible = 0;
			defaultConfigurationName = Release;
		};
		8DB151AC20E97BD60004202D /* Build configuration list for PBXNativeTarget "AudioKit-Skeleton" */ = {
			isa = XCConfigurationList;
			buildConfigurations = (
				8DB151AD20E97BD60004202D /* Debug */,
				8DB151AE20E97BD60004202D /* Release */,
			);
			defaultConfigurationIsVisible = 0;
			defaultConfigurationName = Release;
		};
/* End XCConfigurationList section */
	};
	rootObject = 8DB1519220E97BD40004202D /* Project object */;
}
